
Microsoft Visual Studio Solution File, Format Version 12.00
# Visual Studio Version 16
VisualStudioVersion = 16.0.29905.134
MinimumVisualStudioVersion = 10.0.40219.1
Project("{FAE04EC0-301F-11D3-BF4B-00C04F79EFBC}") = "MimicAPI", "MimicAPI\MimicAPI.csproj", "{EBE9FEFC-5283-480A-8D92-AF36B2FAC3FD}"
EndProject
Global
	GlobalSection(SolutionConfigurationPlatforms) = preSolution
		Debug|Any CPU = Debug|Any CPU
		Release|Any CPU = Release|Any CPU
	EndGlobalSection
	GlobalSection(ProjectConfigurationPlatforms) = postSolution
		{EBE9FEFC-5283-480A-8D92-AF36B2FAC3FD}.Debug|Any CPU.ActiveCfg = Debug|Any CPU
		{EBE9FEFC-5283-480A-8D92-AF36B2FAC3FD}.Debug|Any CPU.Build.0 = Debug|Any CPU
		{EBE9FEFC-5283-480A-8D92-AF36B2FAC3FD}.Release|Any CPU.ActiveCfg = Release|Any CPU
		{EBE9FEFC-5283-480A-8D92-AF36B2FAC3FD}.Release|Any CPU.Build.0 = Release|Any CPU
	EndGlobalSection
	GlobalSection(SolutionProperties) = preSolution
		HideSolutionNode = FALSE
	EndGlobalSection
	GlobalSection(ExtensibilityGlobals) = postSolution
		SolutionGuid = {5FCCF639-6EE5-412F-8E63-24A3543D7DDE}
	EndGlobalSection
EndGlobal
